
Microsoft Visual Studio Solution File, Format Version 12.00
# Visual Studio 2013
VisualStudioVersion = 12.0.40629.0
MinimumVisualStudioVersion = 10.0.40219.1
Project("{2150E333-8FDC-42A3-9474-1A3956D46DE8}") = "xaml", "xaml", "{842AB13A-7E42-409B-BFDA-0BE51B85E512}"
EndProject
Project("{D954291E-2A0B-460D-934E-DC6B0785DB48}") = "xaml.Shared", "xaml\xaml.Shared\xaml.Shared.shproj", "{6A193E1E-7AAD-4958-A08F-972C85DECD3A}"
EndProject
Project("{FAE04EC0-301F-11D3-BF4B-00C04F79EFBC}") = "xaml.Windows", "xaml\xaml.Windows\xaml.Windows.csproj", "{381CDCA0-F628-45A7-B7D1-BE332B18470B}"
EndProject
Project("{FAE04EC0-301F-11D3-BF4B-00C04F79EFBC}") = "xaml.WindowsPhone", "xaml\xaml.WindowsPhone\xaml.WindowsPhone.csproj", "{0E6E2C54-00BF-433E-8D37-294088B72FC0}"
EndProject
Global
	GlobalSection(SharedMSBuildProjectFiles) = preSolution
		xaml\xaml.Shared\xaml.Shared.projitems*{6a193e1e-7aad-4958-a08f-972c85decd3a}*SharedItemsImports = 13
		xaml\xaml.Shared\xaml.Shared.projitems*{0e6e2c54-00bf-433e-8d37-294088b72fc0}*SharedItemsImports = 4
		xaml\xaml.Shared\xaml.Shared.projitems*{381cdca0-f628-45a7-b7d1-be332b18470b}*SharedItemsImports = 4
	EndGlobalSection
	GlobalSection(SolutionConfigurationPlatforms) = preSolution
		Debug|Any CPU = Debug|Any CPU
		Debug|ARM = Debug|ARM
		Debug|x64 = Debug|x64
		Debug|x86 = Debug|x86
		Release|Any CPU = Release|Any CPU
		Release|ARM = Release|ARM
		Release|x64 = Release|x64
		Release|x86 = Release|x86
	EndGlobalSection
	GlobalSection(ProjectConfigurationPlatforms) = postSolution
		{381CDCA0-F628-45A7-B7D1-BE332B18470B}.Debug|Any CPU.ActiveCfg = Debug|Any CPU
		{381CDCA0-F628-45A7-B7D1-BE332B18470B}.Debug|Any CPU.Build.0 = Debug|Any CPU
		{381CDCA0-F628-45A7-B7D1-BE332B18470B}.Debug|Any CPU.Deploy.0 = Debug|Any CPU
		{381CDCA0-F628-45A7-B7D1-BE332B18470B}.Debug|ARM.ActiveCfg = Debug|ARM
		{381CDCA0-F628-45A7-B7D1-BE332B18470B}.Debug|ARM.Build.0 = Debug|ARM
		{381CDCA0-F628-45A7-B7D1-BE332B18470B}.Debug|ARM.Deploy.0 = Debug|ARM
		{381CDCA0-F628-45A7-B7D1-BE332B18470B}.Debug|x64.ActiveCfg = Debug|x64
		{381CDCA0-F628-45A7-B7D1-BE332B18470B}.Debug|x64.Build.0 = Debug|x64
		{381CDCA0-F628-45A7-B7D1-BE332B18470B}.Debug|x64.Deploy.0 = Debug|x64
		{381CDCA0-F628-45A7-B7D1-BE332B18470B}.Debug|x86.ActiveCfg = Debug|x86
		{381CDCA0-F628-45A7-B7D1-BE332B18470B}.Debug|x86.Build.0 = Debug|x86
		{381CDCA0-F628-45A7-B7D1-BE332B18470B}.Debug|x86.Deploy.0 = Debug|x86
		{381CDCA0-F628-45A7-B7D1-BE332B18470B}.Release|Any CPU.ActiveCfg = Release|Any CPU
		{381CDCA0-F628-45A7-B7D1-BE332B18470B}.Release|Any CPU.Build.0 = Release|Any CPU
		{381CDCA0-F628-45A7-B7D1-BE332B18470B}.Release|Any CPU.Deploy.0 = Release|Any CPU
		{381CDCA0-F628-45A7-B7D1-BE332B18470B}.Release|ARM.ActiveCfg = Release|ARM
		{381CDCA0-F628-45A7-B7D1-BE332B18470B}.Release|ARM.Build.0 = Release|ARM
		{381CDCA0-F628-45A7-B7D1-BE332B18470B}.Release|ARM.Deploy.0 = Release|ARM
		{381CDCA0-F628-45A7-B7D1-BE332B18470B}.Release|x64.ActiveCfg = Release|x64
		{381CDCA0-F628-45A7-B7D1-BE332B18470B}.Release|x64.Build.0 = Release|x64
		{381CDCA0-F628-45A7-B7D1-BE332B18470B}.Release|x64.Deploy.0 = Release|x64
		{381CDCA0-F628-45A7-B7D1-BE332B18470B}.Release|x86.ActiveCfg = Release|x86
		{381CDCA0-F628-45A7-B7D1-BE332B18470B}.Release|x86.Build.0 = Release|x86
		{381CDCA0-F628-45A7-B7D1-BE332B18470B}.Release|x86.Deploy.0 = Release|x86
		{0E6E2C54-00BF-433E-8D37-294088B72FC0}.Debug|Any CPU.ActiveCfg = Debug|Any CPU
		{0E6E2C54-00BF-433E-8D37-294088B72FC0}.Debug|Any CPU.Build.0 = Debug|Any CPU
		{0E6E2C54-00BF-433E-8D37-294088B72FC0}.Debug|Any CPU.Deploy.0 = Debug|Any CPU
		{0E6E2C54-00BF-433E-8D37-294088B72FC0}.Debug|ARM.ActiveCfg = Debug|ARM
		{0E6E2C54-00BF-433E-8D37-294088B72FC0}.Debug|ARM.Build.0 = Debug|ARM
		{0E6E2C54-00BF-433E-8D37-294088B72FC0}.Debug|ARM.Deploy.0 = Debug|ARM
		{0E6E2C54-00BF-433E-8D37-294088B72FC0}.Debug|x64.ActiveCfg = Debug|Any CPU
		{0E6E2C54-00BF-433E-8D37-294088B72FC0}.Debug|x86.ActiveCfg = Debug|x86
		{0E6E2C54-00BF-433E-8D37-294088B72FC0}.Debug|x86.Build.0 = Debug|x86
		{0E6E2C54-00BF-433E-8D37-294088B72FC0}.Debug|x86.Deploy.0 = Debug|x86
		{0E6E2C54-00BF-433E-8D37-294088B72FC0}.Release|Any CPU.ActiveCfg = Release|Any CPU
		{0E6E2C54-00BF-433E-8D37-294088B72FC0}.Release|Any CPU.Build.0 = Release|Any CPU
		{0E6E2C54-00BF-433E-8D37-294088B72FC0}.Release|Any CPU.Deploy.0 = Release|Any CPU
		{0E6E2C54-00BF-433E-8D37-294088B72FC0}.Release|ARM.ActiveCfg = Release|ARM
		{0E6E2C54-00BF-433E-8D37-294088B72FC0}.Release|ARM.Build.0 = Release|ARM
		{0E6E2C54-00BF-433E-8D37-294088B72FC0}.Release|ARM.Deploy.0 = Release|ARM
		{0E6E2C54-00BF-433E-8D37-294088B72FC0}.Release|x64.ActiveCfg = Release|Any CPU
		{0E6E2C54-00BF-433E-8D37-294088B72FC0}.Release|x86.ActiveCfg = Release|x86
		{0E6E2C54-00BF-433E-8D37-294088B72FC0}.Release|x86.Build.0 = Release|x86
		{0E6E2C54-00BF-433E-8D37-294088B72FC0}.Release|x86.Deploy.0 = Release|x86
	EndGlobalSection
	GlobalSection(SolutionProperties) = preSolution
		HideSolutionNode = FALSE
	EndGlobalSection
	GlobalSection(NestedProjects) = preSolution
		{6A193E1E-7AAD-4958-A08F-972C85DECD3A} = {842AB13A-7E42-409B-BFDA-0BE51B85E512}
		{381CDCA0-F628-45A7-B7D1-BE332B18470B} = {842AB13A-7E42-409B-BFDA-0BE51B85E512}
		{0E6E2C54-00BF-433E-8D37-294088B72FC0} = {842AB13A-7E42-409B-BFDA-0BE51B85E512}
	EndGlobalSection
EndGlobal
